{
  "name": "labprog",
  "lockfileVersion": 2,
  "requires": true,
  "packages": {
    "": {
      "dependencies": {
        "quasar": "^2.12.2"
      }
    },
    "node_modules/quasar": {
      "version": "2.12.2",
      "resolved": "https://registry.npmjs.org/quasar/-/quasar-2.12.2.tgz",
      "integrity": "sha512-UB+J1cN6b9FrRphUuMvW1Pt1uaOPH2XJMAZagQlYzVUmltKCXQ0sby+ANgGRYa8w/tsekMySmN9QvkQ3+hYv/g==",
      "engines": {
        "node": ">= 10.18.1",
        "npm": ">= 6.13.4",
        "yarn": ">= 1.21.1"
      },
      "funding": {
        "type": "github",
        "url": "https://donate.quasar.dev"
      }
    }
  },
  "dependencies": {
    "quasar": {
      "version": "2.12.2",
      "resolved": "https://registry.npmjs.org/quasar/-/quasar-2.12.2.tgz",
      "integrity": "sha512-UB+J1cN6b9FrRphUuMvW1Pt1uaOPH2XJMAZagQlYzVUmltKCXQ0sby+ANgGRYa8w/tsekMySmN9QvkQ3+hYv/g=="
    }
  }
}
